
Microsoft Visual Studio Solution File, Format Version 12.00
Project("{FAE04EC0-301F-11D3-BF4B-00C04F79EFBC}") = "CSSITranslatorApp", "CSSITranslatorApp\CSSITranslatorApp.csproj", "{44BAD690-B82F-45B2-9CD0-E8701AC8F4BA}"
EndProject
Global
	GlobalSection(SolutionConfigurationPlatforms) = preSolution
		Debug|Any CPU = Debug|Any CPU
		Release|Any CPU = Release|Any CPU
	EndGlobalSection
	GlobalSection(ProjectConfigurationPlatforms) = postSolution
		{44BAD690-B82F-45B2-9CD0-E8701AC8F4BA}.Debug|Any CPU.ActiveCfg = Debug|Any CPU
		{44BAD690-B82F-45B2-9CD0-E8701AC8F4BA}.Debug|Any CPU.Build.0 = Debug|Any CPU
		{44BAD690-B82F-45B2-9CD0-E8701AC8F4BA}.Release|Any CPU.ActiveCfg = Release|Any CPU
		{44BAD690-B82F-45B2-9CD0-E8701AC8F4BA}.Release|Any CPU.Build.0 = Release|Any CPU
	EndGlobalSection
EndGlobal
